
Microsoft Visual Studio Solution File, Format Version 12.00
# Visual Studio Version 17
VisualStudioVersion = 17.1.32210.238
MinimumVisualStudioVersion = 10.0.40219.1
Project("{9A19103F-16F7-4668-BE54-9A1E7A4F7556}") = "HotelListing_webAPI", "HotelListing_webAPI\HotelListing_webAPI.csproj", "{F6A05725-6519-4C32-BCBB-E2EA6966B607}"
EndProject
Project("{FAE04EC0-301F-11D3-BF4B-00C04F79EFBC}") = "Layer", "Layer\Layer.csproj", "{253EC760-5857-4BE3-A69D-E91CA175DAC7}"
EndProject
Global
	GlobalSection(SolutionConfigurationPlatforms) = preSolution
		Debug|Any CPU = Debug|Any CPU
		Release|Any CPU = Release|Any CPU
	EndGlobalSection
	GlobalSection(ProjectConfigurationPlatforms) = postSolution
		{F6A05725-6519-4C32-BCBB-E2EA6966B607}.Debug|Any CPU.ActiveCfg = Debug|Any CPU
		{F6A05725-6519-4C32-BCBB-E2EA6966B607}.Debug|Any CPU.Build.0 = Debug|Any CPU
		{F6A05725-6519-4C32-BCBB-E2EA6966B607}.Release|Any CPU.ActiveCfg = Release|Any CPU
		{F6A05725-6519-4C32-BCBB-E2EA6966B607}.Release|Any CPU.Build.0 = Release|Any CPU
		{253EC760-5857-4BE3-A69D-E91CA175DAC7}.Debug|Any CPU.ActiveCfg = Debug|Any CPU
		{253EC760-5857-4BE3-A69D-E91CA175DAC7}.Debug|Any CPU.Build.0 = Debug|Any CPU
		{253EC760-5857-4BE3-A69D-E91CA175DAC7}.Release|Any CPU.ActiveCfg = Release|Any CPU
		{253EC760-5857-4BE3-A69D-E91CA175DAC7}.Release|Any CPU.Build.0 = Release|Any CPU
	EndGlobalSection
	GlobalSection(SolutionProperties) = preSolution
		HideSolutionNode = FALSE
	EndGlobalSection
	GlobalSection(ExtensibilityGlobals) = postSolution
		SolutionGuid = {53B33CD2-FD3B-4B7C-88D8-17B368BB0835}
	EndGlobalSection
EndGlobal
